
Microsoft Visual Studio Solution File, Format Version 12.00
# Visual Studio 14
VisualStudioVersion = 14.0.22013.1
MinimumVisualStudioVersion = 10.0.40219.1
Project("{FAE04EC0-301F-11D3-BF4B-00C04F79EFBC}") = "CITCodeFasterNET.CodeRefactoring", "src\CITCodeFasterNET.CodeRefactoring\CITCodeFasterNET.CodeRefactoring.csproj", "{8FC59E73-5C6C-45C0-B5DF-1EC7FEDC795C}"
EndProject
Project("{FAE04EC0-301F-11D3-BF4B-00C04F79EFBC}") = "CITCodeFasterNET.InfraStructure", "src\CITCodeFasterNET.InfraStructure\CITCodeFasterNET.InfraStructure.csproj", "{E5374143-1243-483E-A141-6EB45CFA04F7}"
EndProject
Project("{FAE04EC0-301F-11D3-BF4B-00C04F79EFBC}") = "CITCodeFasterNET.CodeRefactoring.Test", "test\CITCodeFasterNET.CodeRefactoring.Test\CITCodeFasterNET.CodeRefactoring.Test.csproj", "{616C68CE-F89F-40E6-94A0-14AF9F665FAC}"
EndProject
Project("{2150E333-8FDC-42A3-9474-1A3956D46DE8}") = "CodeRefactoring", "CodeRefactoring", "{B87277AA-8A60-4FD2-B4C7-84A1D3BA92D2}"
EndProject
Project("{2150E333-8FDC-42A3-9474-1A3956D46DE8}") = "Infrastructure", "Infrastructure", "{E2B09ABC-B289-4A4E-A2F2-54B2145C94D8}"
EndProject
Project("{FAE04EC0-301F-11D3-BF4B-00C04F79EFBC}") = "CITCodeFasterNET.Test.Infrastructure", "src\CITCodeFasterNET.Test.Infrastructure\CITCodeFasterNET.Test.Infrastructure.csproj", "{490E4759-4F8A-4263-92DB-AD7C6B77677B}"
EndProject
Global
	GlobalSection(SolutionConfigurationPlatforms) = preSolution
		Debug|Any CPU = Debug|Any CPU
		Release|Any CPU = Release|Any CPU
	EndGlobalSection
	GlobalSection(ProjectConfigurationPlatforms) = postSolution
		{8FC59E73-5C6C-45C0-B5DF-1EC7FEDC795C}.Debug|Any CPU.ActiveCfg = Debug|Any CPU
		{8FC59E73-5C6C-45C0-B5DF-1EC7FEDC795C}.Debug|Any CPU.Build.0 = Debug|Any CPU
		{8FC59E73-5C6C-45C0-B5DF-1EC7FEDC795C}.Release|Any CPU.ActiveCfg = Release|Any CPU
		{8FC59E73-5C6C-45C0-B5DF-1EC7FEDC795C}.Release|Any CPU.Build.0 = Release|Any CPU
		{E5374143-1243-483E-A141-6EB45CFA04F7}.Debug|Any CPU.ActiveCfg = Debug|Any CPU
		{E5374143-1243-483E-A141-6EB45CFA04F7}.Debug|Any CPU.Build.0 = Debug|Any CPU
		{E5374143-1243-483E-A141-6EB45CFA04F7}.Release|Any CPU.ActiveCfg = Release|Any CPU
		{E5374143-1243-483E-A141-6EB45CFA04F7}.Release|Any CPU.Build.0 = Release|Any CPU
		{616C68CE-F89F-40E6-94A0-14AF9F665FAC}.Debug|Any CPU.ActiveCfg = Debug|Any CPU
		{616C68CE-F89F-40E6-94A0-14AF9F665FAC}.Debug|Any CPU.Build.0 = Debug|Any CPU
		{616C68CE-F89F-40E6-94A0-14AF9F665FAC}.Release|Any CPU.ActiveCfg = Release|Any CPU
		{616C68CE-F89F-40E6-94A0-14AF9F665FAC}.Release|Any CPU.Build.0 = Release|Any CPU
		{490E4759-4F8A-4263-92DB-AD7C6B77677B}.Debug|Any CPU.ActiveCfg = Debug|Any CPU
		{490E4759-4F8A-4263-92DB-AD7C6B77677B}.Debug|Any CPU.Build.0 = Debug|Any CPU
		{490E4759-4F8A-4263-92DB-AD7C6B77677B}.Release|Any CPU.ActiveCfg = Release|Any CPU
		{490E4759-4F8A-4263-92DB-AD7C6B77677B}.Release|Any CPU.Build.0 = Release|Any CPU
	EndGlobalSection
	GlobalSection(SolutionProperties) = preSolution
		HideSolutionNode = FALSE
	EndGlobalSection
	GlobalSection(NestedProjects) = preSolution
		{8FC59E73-5C6C-45C0-B5DF-1EC7FEDC795C} = {B87277AA-8A60-4FD2-B4C7-84A1D3BA92D2}
		{E5374143-1243-483E-A141-6EB45CFA04F7} = {E2B09ABC-B289-4A4E-A2F2-54B2145C94D8}
		{616C68CE-F89F-40E6-94A0-14AF9F665FAC} = {B87277AA-8A60-4FD2-B4C7-84A1D3BA92D2}
		{490E4759-4F8A-4263-92DB-AD7C6B77677B} = {E2B09ABC-B289-4A4E-A2F2-54B2145C94D8}
	EndGlobalSection
EndGlobal
