
Microsoft Visual Studio Solution File, Format Version 12.00
# Visual Studio 14
VisualStudioVersion = 14.0.22013.1
MinimumVisualStudioVersion = 10.0.40219.1
Project("{FAE04EC0-301F-11D3-BF4B-00C04F79EFBC}") = "POCVSPackage", "POCVSPackage\POCVSPackage.csproj", "{1BE999E9-B0B4-4CDD-A3F8-E13DE983DF29}"
EndProject
Global
	GlobalSection(SolutionConfigurationPlatforms) = preSolution
		Debug|Any CPU = Debug|Any CPU
		Release|Any CPU = Release|Any CPU
	EndGlobalSection
	GlobalSection(ProjectConfigurationPlatforms) = postSolution
		{1BE999E9-B0B4-4CDD-A3F8-E13DE983DF29}.Debug|Any CPU.ActiveCfg = Debug|Any CPU
		{1BE999E9-B0B4-4CDD-A3F8-E13DE983DF29}.Debug|Any CPU.Build.0 = Debug|Any CPU
		{1BE999E9-B0B4-4CDD-A3F8-E13DE983DF29}.Release|Any CPU.ActiveCfg = Release|Any CPU
		{1BE999E9-B0B4-4CDD-A3F8-E13DE983DF29}.Release|Any CPU.Build.0 = Release|Any CPU
	EndGlobalSection
	GlobalSection(SolutionProperties) = preSolution
		HideSolutionNode = FALSE
	EndGlobalSection
EndGlobal
